
Microsoft Visual Studio Solution File, Format Version 12.00
# Visual Studio Version 16
VisualStudioVersion = 16.0.29905.134
MinimumVisualStudioVersion = 10.0.40219.1
Project("{FAE04EC0-301F-11D3-BF4B-00C04F79EFBC}") = "HOme", "HOme\HOme.csproj", "{506E3CAD-E66B-4EA3-AE1F-B1B8DD2629BC}"
EndProject
Global
	GlobalSection(SolutionConfigurationPlatforms) = preSolution
		Debug|Any CPU = Debug|Any CPU
		Release|Any CPU = Release|Any CPU
	EndGlobalSection
	GlobalSection(ProjectConfigurationPlatforms) = postSolution
		{506E3CAD-E66B-4EA3-AE1F-B1B8DD2629BC}.Debug|Any CPU.ActiveCfg = Debug|Any CPU
		{506E3CAD-E66B-4EA3-AE1F-B1B8DD2629BC}.Debug|Any CPU.Build.0 = Debug|Any CPU
		{506E3CAD-E66B-4EA3-AE1F-B1B8DD2629BC}.Release|Any CPU.ActiveCfg = Release|Any CPU
		{506E3CAD-E66B-4EA3-AE1F-B1B8DD2629BC}.Release|Any CPU.Build.0 = Release|Any CPU
	EndGlobalSection
	GlobalSection(SolutionProperties) = preSolution
		HideSolutionNode = FALSE
	EndGlobalSection
	GlobalSection(ExtensibilityGlobals) = postSolution
		SolutionGuid = {94C7934C-4C4E-4573-ABC9-B557A8F03089}
	EndGlobalSection
EndGlobal
